# This file is autogenerated, do not edit; changes may be undone by the next 'dep ensure'.


[[projects]]
  digest = "1:3043fa5caa203ae8bfac0b2337924869e4579b98d6403ac6bd48202182f4a95c"
  name = "github.com/couchbase/gocb"
  packages = ["."]
  pruneopts = "UT"
  revision = "10e65ad5e270eb86becabcbd4ba56dafdf77b209"
  version = "v1.5.0"

[[projects]]
  branch = "master"
  digest = "1:4a0c6bb4805508a6287675fac876be2ac1182539ca8a32468d8128882e9d5009"
  name = "github.com/golang/snappy"
  packages = ["."]
  pruneopts = "UT"
  revision = "2e65f85255dbc3072edf28d6b5b8efc472979f5a"

[[projects]]
  digest = "1:3a26588bc48b96825977c1b3df964f8fd842cd6860cc26370588d3563433cf11"
  name = "github.com/google/uuid"
  packages = ["."]
  pruneopts = "UT"
  revision = "d460ce9f8df2e77fb1ba55ca87fafed96c607494"
  version = "v1.0.0"

[[projects]]
  digest = "1:9d7b1f07e44cada28e6160cb0a808ad2f71f32bd7114793fb0baa302db0e6229"
  name = "github.com/opentracing/opentracing-go"
  packages = [
    ".",
    "log",
  ]
  pruneopts = "UT"
  revision = "1949ddbfd147afd4d964a9f00b24eb291e0e7c38"
  version = "v1.0.2"

[[projects]]
  branch = "master"
  digest = "1:92e752ba5facbe27563e7fdbac87ac83c85af77228dffd792e237c086b56a00e"
  name = "golang.org/x/net"
  packages = [
    "context",
    "http/httpguts",
    "http2",
    "http2/hpack",
    "idna",
  ]
  pruneopts = "UT"
  revision = "a544f70c90f196e50d198126db0c4cb2b562fec0"

[[projects]]
  digest = "1:a2ab62866c75542dd18d2b069fec854577a20211d7c0ea6ae746072a1dccdd18"
  name = "golang.org/x/text"
  packages = [
    "collate",
    "collate/build",
    "internal/colltab",
    "internal/gen",
    "internal/tag",
    "internal/triegen",
    "internal/ucd",
    "language",
    "secure/bidirule",
    "transform",
    "unicode/bidi",
    "unicode/cldr",
    "unicode/norm",
    "unicode/rangetable",
  ]
  pruneopts = "UT"
  revision = "f21a4dfb5e38f5895301dc265a8def02365cc3d0"
  version = "v0.3.0"

[[projects]]
  digest = "1:9f9da3742f0279c23a8c49ec4e21cc2c1da795206883f38c98d0d7443fbf0f35"
  name = "gopkg.in/couchbase/gocbcore.v7"
  packages = ["."]
  pruneopts = "UT"
  revision = "99990b51270138dc3d8c8ddf0771d72c26e16895"
  version = "v7.1.8"

[[projects]]
  digest = "1:002e24bae6c5c2d00148cf04983fc5add942f5a929d38721d2f377dd7b5b6da9"
  name = "gopkg.in/couchbaselabs/gocbconnstr.v1"
  packages = ["."]
  pruneopts = "UT"
  revision = "896fab9ddffac355b8b5be5763ffcd15a78c475d"
  version = "v1.0.2"

[[projects]]
  digest = "1:ba6eeb69e706c4fa641a267d608c6daf84cca8dcdf077c71f1c6719eee4e1512"
  name = "gopkg.in/couchbaselabs/jsonx.v1"
  packages = ["."]
  pruneopts = "UT"
  revision = "5b7baa20429a46a5543ee259664cc86502738cad"
  version = "v1.0.0"

[solve-meta]
  analyzer-name = "dep"
  analyzer-version = 1
  input-imports = ["github.com/couchbase/gocb"]
  solver-name = "gps-cdcl"
  solver-version = 1
